// !$*UTF8*$!
{
	archiveVersion = 1;
	classes = {
	};
	objectVersion = 46;
	objects = {

/* Begin PBXBuildFile section */
		B86E043D1B0D84D0004DECF0 /* SwiftRecord.framework in Frameworks */ = {isa = PBXBuildFile; fileRef = B86E043C1B0D84D0004DECF0 /* SwiftRecord.framework */; };
		B8E0EFC31AFCA69600272D7E /* AppDelegate.swift in Sources */ = {isa = PBXBuildFile; fileRef = B8E0EFC21AFCA69600272D7E /* AppDelegate.swift */; };
		B8E0EFC61AFCA69600272D7E /* SwiftRecordExample.xcdatamodeld in Sources */ = {isa = PBXBuildFile; fileRef = B8E0EFC41AFCA69600272D7E /* SwiftRecordExample.xcdatamodeld */; };
		B8E0EFC81AFCA69600272D7E /* ViewController.swift in Sources */ = {isa = PBXBuildFile; fileRef = B8E0EFC71AFCA69600272D7E /* ViewController.swift */; };
		B8E0EFCB1AFCA69600272D7E /* Main.storyboard in Resources */ = {isa = PBXBuildFile; fileRef = B8E0EFC91AFCA69600272D7E /* Main.storyboard */; };
		B8E0EFCD1AFCA69600272D7E /* Images.xcassets in Resources */ = {isa = PBXBuildFile; fileRef = B8E0EFCC1AFCA69600272D7E /* Images.xcassets */; };
		B8E0EFD01AFCA69600272D7E /* LaunchScreen.xib in Resources */ = {isa = PBXBuildFile; fileRef = B8E0EFCE1AFCA69600272D7E /* LaunchScreen.xib */; };
		B8E0EFDC1AFCA69600272D7E /* SwiftRecordExampleTests.swift in Sources */ = {isa = PBXBuildFile; fileRef = B8E0EFDB1AFCA69600272D7E /* SwiftRecordExampleTests.swift */; };
		B8E0EFE81AFCA7F900272D7E /* TestEntity.swift in Sources */ = {isa = PBXBuildFile; fileRef = B8E0EFE71AFCA7F900272D7E /* TestEntity.swift */; };
		B8E0EFEA1AFCA7FA00272D7E /* TestEntityRelationship.swift in Sources */ = {isa = PBXBuildFile; fileRef = B8E0EFE91AFCA7FA00272D7E /* TestEntityRelationship.swift */; };
/* End PBXBuildFile section */

/* Begin PBXContainerItemProxy section */
		B8E0EFD61AFCA69600272D7E /* PBXContainerItemProxy */ = {
			isa = PBXContainerItemProxy;
			containerPortal = B8E0EFB51AFCA69600272D7E /* Project object */;
			proxyType = 1;
			remoteGlobalIDString = B8E0EFBC1AFCA69600272D7E;
			remoteInfo = SwiftRecordExample;
		};
/* End PBXContainerItemProxy section */

/* Begin PBXCopyFilesBuildPhase section */
		B8E0EFEE1AFCAB2D00272D7E /* CopyFiles */ = {
			isa = PBXCopyFilesBuildPhase;
			buildActionMask = 12;
			dstPath = "";
			dstSubfolderSpec = 10;
			files = (
			);
			runOnlyForDeploymentPostprocessing = 0;
		};
/* End PBXCopyFilesBuildPhase section */

/* Begin PBXFileReference section */
		B86E043C1B0D84D0004DECF0 /* SwiftRecord.framework */ = {isa = PBXFileReference; lastKnownFileType = wrapper.framework; path = SwiftRecord.framework; sourceTree = "<group>"; };
		B8E0EFBD1AFCA69600272D7E /* SwiftRecordExample.app */ = {isa = PBXFileReference; explicitFileType = wrapper.application; includeInIndex = 0; path = SwiftRecordExample.app; sourceTree = BUILT_PRODUCTS_DIR; };
		B8E0EFC11AFCA69600272D7E /* Info.plist */ = {isa = PBXFileReference; lastKnownFileType = text.plist.xml; path = Info.plist; sourceTree = "<group>"; };
		B8E0EFC21AFCA69600272D7E /* AppDelegate.swift */ = {isa = PBXFileReference; lastKnownFileType = sourcecode.swift; path = AppDelegate.swift; sourceTree = "<group>"; };
		B8E0EFC51AFCA69600272D7E /* SwiftRecordExample.xcdatamodel */ = {isa = PBXFileReference; lastKnownFileType = wrapper.xcdatamodel; path = SwiftRecordExample.xcdatamodel; sourceTree = "<group>"; };
		B8E0EFC71AFCA69600272D7E /* ViewController.swift */ = {isa = PBXFileReference; lastKnownFileType = sourcecode.swift; path = ViewController.swift; sourceTree = "<group>"; };
		B8E0EFCA1AFCA69600272D7E /* Base */ = {isa = PBXFileReference; lastKnownFileType = file.storyboard; name = Base; path = Base.lproj/Main.storyboard; sourceTree = "<group>"; };
		B8E0EFCC1AFCA69600272D7E /* Images.xcassets */ = {isa = PBXFileReference; lastKnownFileType = folder.assetcatalog; path = Images.xcassets; sourceTree = "<group>"; };
		B8E0EFCF1AFCA69600272D7E /* Base */ = {isa = PBXFileReference; lastKnownFileType = file.xib; name = Base; path = Base.lproj/LaunchScreen.xib; sourceTree = "<group>"; };
		B8E0EFD51AFCA69600272D7E /* SwiftRecordExampleTests.xctest */ = {isa = PBXFileReference; explicitFileType = wrapper.cfbundle; includeInIndex = 0; path = SwiftRecordExampleTests.xctest; sourceTree = BUILT_PRODUCTS_DIR; };
		B8E0EFDA1AFCA69600272D7E /* Info.plist */ = {isa = PBXFileReference; lastKnownFileType = text.plist.xml; path = Info.plist; sourceTree = "<group>"; };
		B8E0EFDB1AFCA69600272D7E /* SwiftRecordExampleTests.swift */ = {isa = PBXFileReference; lastKnownFileType = sourcecode.swift; path = SwiftRecordExampleTests.swift; sourceTree = "<group>"; };
		B8E0EFE71AFCA7F900272D7E /* TestEntity.swift */ = {isa = PBXFileReference; fileEncoding = 4; lastKnownFileType = sourcecode.swift; path = TestEntity.swift; sourceTree = "<group>"; };
		B8E0EFE91AFCA7FA00272D7E /* TestEntityRelationship.swift */ = {isa = PBXFileReference; fileEncoding = 4; lastKnownFileType = sourcecode.swift; path = TestEntityRelationship.swift; sourceTree = "<group>"; };
		B8E0F0601AFCD0EA00272D7E /* Info.plist */ = {isa = PBXFileReference; lastKnownFileType = text.plist.xml; path = Info.plist; sourceTree = "<group>"; };
		B8E0F0611AFCD0EA00272D7E /* SwiftRecordOSX.h */ = {isa = PBXFileReference; lastKnownFileType = sourcecode.c.h; path = SwiftRecordOSX.h; sourceTree = "<group>"; };
		B8E0F06F1AFCD0EB00272D7E /* Info.plist */ = {isa = PBXFileReference; lastKnownFileType = text.plist.xml; path = Info.plist; sourceTree = "<group>"; };
		B8E0F0701AFCD0EB00272D7E /* SwiftRecordOSXTests.swift */ = {isa = PBXFileReference; lastKnownFileType = sourcecode.swift; path = SwiftRecordOSXTests.swift; sourceTree = "<group>"; };
/* End PBXFileReference section */

/* Begin PBXFrameworksBuildPhase section */
		B8E0EFBA1AFCA69600272D7E /* Frameworks */ = {
			isa = PBXFrameworksBuildPhase;
			buildActionMask = 2147483647;
			files = (
				B86E043D1B0D84D0004DECF0 /* SwiftRecord.framework in Frameworks */,
			);
			runOnlyForDeploymentPostprocessing = 0;
		};
		B8E0EFD21AFCA69600272D7E /* Frameworks */ = {
			isa = PBXFrameworksBuildPhase;
			buildActionMask = 2147483647;
			files = (
			);
			runOnlyForDeploymentPostprocessing = 0;
		};
/* End PBXFrameworksBuildPhase section */

/* Begin PBXGroup section */
		B8E0EFB41AFCA69600272D7E = {
			isa = PBXGroup;
			children = (
				B8E0EFBF1AFCA69600272D7E /* SwiftRecordExample */,
				B8E0EFD81AFCA69600272D7E /* SwiftRecordExampleTests */,
				B8E0F05E1AFCD0EA00272D7E /* SwiftRecordOSX */,
				B8E0F06D1AFCD0EB00272D7E /* SwiftRecordOSXTests */,
				B8E0EFBE1AFCA69600272D7E /* Products */,
			);
			sourceTree = "<group>";
		};
		B8E0EFBE1AFCA69600272D7E /* Products */ = {
			isa = PBXGroup;
			children = (
				B8E0EFBD1AFCA69600272D7E /* SwiftRecordExample.app */,
				B8E0EFD51AFCA69600272D7E /* SwiftRecordExampleTests.xctest */,
			);
			name = Products;
			sourceTree = "<group>";
		};
		B8E0EFBF1AFCA69600272D7E /* SwiftRecordExample */ = {
			isa = PBXGroup;
			children = (
				B86E043C1B0D84D0004DECF0 /* SwiftRecord.framework */,
				B8E0EFC21AFCA69600272D7E /* AppDelegate.swift */,
				B8E0EFC71AFCA69600272D7E /* ViewController.swift */,
				B8E0EFC91AFCA69600272D7E /* Main.storyboard */,
				B8E0EFCC1AFCA69600272D7E /* Images.xcassets */,
				B8E0EFCE1AFCA69600272D7E /* LaunchScreen.xib */,
				B8E0EFC41AFCA69600272D7E /* SwiftRecordExample.xcdatamodeld */,
				B8E0EFC01AFCA69600272D7E /* Supporting Files */,
				B8E0EFE91AFCA7FA00272D7E /* TestEntityRelationship.swift */,
				B8E0EFE71AFCA7F900272D7E /* TestEntity.swift */,
			);
			path = SwiftRecordExample;
			sourceTree = "<group>";
		};
		B8E0EFC01AFCA69600272D7E /* Supporting Files */ = {
			isa = PBXGroup;
			children = (
				B8E0EFC11AFCA69600272D7E /* Info.plist */,
			);
			name = "Supporting Files";
			sourceTree = "<group>";
		};
		B8E0EFD81AFCA69600272D7E /* SwiftRecordExampleTests */ = {
			isa = PBXGroup;
			children = (
				B8E0EFDB1AFCA69600272D7E /* SwiftRecordExampleTests.swift */,
				B8E0EFD91AFCA69600272D7E /* Supporting Files */,
			);
			path = SwiftRecordExampleTests;
			sourceTree = "<group>";
		};
		B8E0EFD91AFCA69600272D7E /* Supporting Files */ = {
			isa = PBXGroup;
			children = (
				B8E0EFDA1AFCA69600272D7E /* Info.plist */,
			);
			name = "Supporting Files";
			sourceTree = "<group>";
		};
		B8E0F05E1AFCD0EA00272D7E /* SwiftRecordOSX */ = {
			isa = PBXGroup;
			children = (
				B8E0F0611AFCD0EA00272D7E /* SwiftRecordOSX.h */,
				B8E0F05F1AFCD0EA00272D7E /* Supporting Files */,
			);
			path = SwiftRecordOSX;
			sourceTree = "<group>";
		};
		B8E0F05F1AFCD0EA00272D7E /* Supporting Files */ = {
			isa = PBXGroup;
			children = (
				B8E0F0601AFCD0EA00272D7E /* Info.plist */,
			);
			name = "Supporting Files";
			sourceTree = "<group>";
		};
		B8E0F06D1AFCD0EB00272D7E /* SwiftRecordOSXTests */ = {
			isa = PBXGroup;
			children = (
				B8E0F0701AFCD0EB00272D7E /* SwiftRecordOSXTests.swift */,
				B8E0F06E1AFCD0EB00272D7E /* Supporting Files */,
			);
			path = SwiftRecordOSXTests;
			sourceTree = "<group>";
		};
		B8E0F06E1AFCD0EB00272D7E /* Supporting Files */ = {
			isa = PBXGroup;
			children = (
				B8E0F06F1AFCD0EB00272D7E /* Info.plist */,
			);
			name = "Supporting Files";
			sourceTree = "<group>";
		};
/* End PBXGroup section */

/* Begin PBXNativeTarget section */
		B8E0EFBC1AFCA69600272D7E /* SwiftRecordExample */ = {
			isa = PBXNativeTarget;
			buildConfigurationList = B8E0EFDF1AFCA69600272D7E /* Build configuration list for PBXNativeTarget "SwiftRecordExample" */;
			buildPhases = (
				B8E0EFB91AFCA69600272D7E /* Sources */,
				B8E0EFBA1AFCA69600272D7E /* Frameworks */,
				B8E0EFBB1AFCA69600272D7E /* Resources */,
				B8E0EFEE1AFCAB2D00272D7E /* CopyFiles */,
			);
			buildRules = (
			);
			dependencies = (
			);
			name = SwiftRecordExample;
			productName = SwiftRecordExample;
			productReference = B8E0EFBD1AFCA69600272D7E /* SwiftRecordExample.app */;
			productType = "com.apple.product-type.application";
		};
		B8E0EFD41AFCA69600272D7E /* SwiftRecordExampleTests */ = {
			isa = PBXNativeTarget;
			buildConfigurationList = B8E0EFE21AFCA69600272D7E /* Build configuration list for PBXNativeTarget "SwiftRecordExampleTests" */;
			buildPhases = (
				B8E0EFD11AFCA69600272D7E /* Sources */,
				B8E0EFD21AFCA69600272D7E /* Frameworks */,
				B8E0EFD31AFCA69600272D7E /* Resources */,
			);
			buildRules = (
			);
			dependencies = (
				B8E0EFD71AFCA69600272D7E /* PBXTargetDependency */,
			);
			name = SwiftRecordExampleTests;
			productName = SwiftRecordExampleTests;
			productReference = B8E0EFD51AFCA69600272D7E /* SwiftRecordExampleTests.xctest */;
			productType = "com.apple.product-type.bundle.unit-test";
		};
/* End PBXNativeTarget section */

/* Begin PBXProject section */
		B8E0EFB51AFCA69600272D7E /* Project object */ = {
			isa = PBXProject;
			attributes = {
				LastUpgradeCheck = 0630;
				ORGANIZATIONNAME = ark;
				TargetAttributes = {
					B8E0EFBC1AFCA69600272D7E = {
						CreatedOnToolsVersion = 6.3.1;
					};
					B8E0EFD41AFCA69600272D7E = {
						CreatedOnToolsVersion = 6.3.1;
						TestTargetID = B8E0EFBC1AFCA69600272D7E;
					};
				};
			};
			buildConfigurationList = B8E0EFB81AFCA69600272D7E /* Build configuration list for PBXProject "SwiftRecordExample" */;
			compatibilityVersion = "Xcode 3.2";
			developmentRegion = English;
			hasScannedForEncodings = 0;
			knownRegions = (
				en,
				Base,
			);
			mainGroup = B8E0EFB41AFCA69600272D7E;
			productRefGroup = B8E0EFBE1AFCA69600272D7E /* Products */;
			projectDirPath = "";
			projectRoot = "";
			targets = (
				B8E0EFBC1AFCA69600272D7E /* SwiftRecordExample */,
				B8E0EFD41AFCA69600272D7E /* SwiftRecordExampleTests */,
			);
		};
/* End PBXProject section */

/* Begin PBXResourcesBuildPhase section */
		B8E0EFBB1AFCA69600272D7E /* Resources */ = {
			isa = PBXResourcesBuildPhase;
			buildActionMask = 2147483647;
			files = (
				B8E0EFCB1AFCA69600272D7E /* Main.storyboard in Resources */,
				B8E0EFD01AFCA69600272D7E /* LaunchScreen.xib in Resources */,
				B8E0EFCD1AFCA69600272D7E /* Images.xcassets in Resources */,
			);
			runOnlyForDeploymentPostprocessing = 0;
		};
		B8E0EFD31AFCA69600272D7E /* Resources */ = {
			isa = PBXResourcesBuildPhase;
			buildActionMask = 2147483647;
			files = (
			);
			runOnlyForDeploymentPostprocessing = 0;
		};
/* End PBXResourcesBuildPhase section */

/* Begin PBXSourcesBuildPhase section */
		B8E0EFB91AFCA69600272D7E /* Sources */ = {
			isa = PBXSourcesBuildPhase;
			buildActionMask = 2147483647;
			files = (
				B8E0EFE81AFCA7F900272D7E /* TestEntity.swift in Sources */,
				B8E0EFEA1AFCA7FA00272D7E /* TestEntityRelationship.swift in Sources */,
				B8E0EFC81AFCA69600272D7E /* ViewController.swift in Sources */,
				B8E0EFC31AFCA69600272D7E /* AppDelegate.swift in Sources */,
				B8E0EFC61AFCA69600272D7E /* SwiftRecordExample.xcdatamodeld in Sources */,
			);
			runOnlyForDeploymentPostprocessing = 0;
		};
		B8E0EFD11AFCA69600272D7E /* Sources */ = {
			isa = PBXSourcesBuildPhase;
			buildActionMask = 2147483647;
			files = (
				B8E0EFDC1AFCA69600272D7E /* SwiftRecordExampleTests.swift in Sources */,
			);
			runOnlyForDeploymentPostprocessing = 0;
		};
/* End PBXSourcesBuildPhase section */

/* Begin PBXTargetDependency section */
		B8E0EFD71AFCA69600272D7E /* PBXTargetDependency */ = {
			isa = PBXTargetDependency;
			target = B8E0EFBC1AFCA69600272D7E /* SwiftRecordExample */;
			targetProxy = B8E0EFD61AFCA69600272D7E /* PBXContainerItemProxy */;
		};
/* End PBXTargetDependency section */

/* Begin PBXVariantGroup section */
		B8E0EFC91AFCA69600272D7E /* Main.storyboard */ = {
			isa = PBXVariantGroup;
			children = (
				B8E0EFCA1AFCA69600272D7E /* Base */,
			);
			name = Main.storyboard;
			sourceTree = "<group>";
		};
		B8E0EFCE1AFCA69600272D7E /* LaunchScreen.xib */ = {
			isa = PBXVariantGroup;
			children = (
				B8E0EFCF1AFCA69600272D7E /* Base */,
			);
			name = LaunchScreen.xib;
			sourceTree = "<group>";
		};
/* End PBXVariantGroup section */

/* Begin XCBuildConfiguration section */
		B8E0EFDD1AFCA69600272D7E /* Debug */ = {
			isa = XCBuildConfiguration;
			buildSettings = {
				ALWAYS_SEARCH_USER_PATHS = NO;
				CLANG_CXX_LANGUAGE_STANDARD = "gnu++0x";
				CLANG_CXX_LIBRARY = "libc++";
				CLANG_ENABLE_MODULES = YES;
				CLANG_ENABLE_OBJC_ARC = YES;
				CLANG_WARN_BOOL_CONVERSION = YES;
				CLANG_WARN_CONSTANT_CONVERSION = YES;
				CLANG_WARN_DIRECT_OBJC_ISA_USAGE = YES_ERROR;
				CLANG_WARN_EMPTY_BODY = YES;
				CLANG_WARN_ENUM_CONVERSION = YES;
				CLANG_WARN_INT_CONVERSION = YES;
				CLANG_WARN_OBJC_ROOT_CLASS = YES_ERROR;
				CLANG_WARN_UNREACHABLE_CODE = YES;
				CLANG_WARN__DUPLICATE_METHOD_MATCH = YES;
				"CODE_SIGN_IDENTITY[sdk=iphoneos*]" = "iPhone Developer";
				COPY_PHASE_STRIP = NO;
				DEBUG_INFORMATION_FORMAT = "dwarf-with-dsym";
				ENABLE_STRICT_OBJC_MSGSEND = YES;
				GCC_C_LANGUAGE_STANDARD = gnu99;
				GCC_DYNAMIC_NO_PIC = NO;
				GCC_NO_COMMON_BLOCKS = YES;
				GCC_OPTIMIZATION_LEVEL = 0;
				GCC_PREPROCESSOR_DEFINITIONS = (
					"DEBUG=1",
					"$(inherited)",
				);
				GCC_SYMBOLS_PRIVATE_EXTERN = NO;
				GCC_WARN_64_TO_32_BIT_CONVERSION = YES;
				GCC_WARN_ABOUT_RETURN_TYPE = YES_ERROR;
				GCC_WARN_UNDECLARED_SELECTOR = YES;
				GCC_WARN_UNINITIALIZED_AUTOS = YES_AGGRESSIVE;
				GCC_WARN_UNUSED_FUNCTION = YES;
				GCC_WARN_UNUSED_VARIABLE = YES;
				IPHONEOS_DEPLOYMENT_TARGET = 8.3;
				MTL_ENABLE_DEBUG_INFO = YES;
				ONLY_ACTIVE_ARCH = YES;
				SDKROOT = iphoneos;
				SWIFT_OPTIMIZATION_LEVEL = "-Onone";
				TARGETED_DEVICE_FAMILY = "1,2";
			};
			name = Debug;
		};
		B8E0EFDE1AFCA69600272D7E /* Release */ = {
			isa = XCBuildConfiguration;
			buildSettings = {
				ALWAYS_SEARCH_USER_PATHS = NO;
				CLANG_CXX_LANGUAGE_STANDARD = "gnu++0x";
				CLANG_CXX_LIBRARY = "libc++";
				CLANG_ENABLE_MODULES = YES;
				CLANG_ENABLE_OBJC_ARC = YES;
				CLANG_WARN_BOOL_CONVERSION = YES;
				CLANG_WARN_CONSTANT_CONVERSION = YES;
				CLANG_WARN_DIRECT_OBJC_ISA_USAGE = YES_ERROR;
				CLANG_WARN_EMPTY_BODY = YES;
				CLANG_WARN_ENUM_CONVERSION = YES;
				CLANG_WARN_INT_CONVERSION = YES;
				CLANG_WARN_OBJC_ROOT_CLASS = YES_ERROR;
				CLANG_WARN_UNREACHABLE_CODE = YES;
				CLANG_WARN__DUPLICATE_METHOD_MATCH = YES;
				"CODE_SIGN_IDENTITY[sdk=iphoneos*]" = "iPhone Developer";
				COPY_PHASE_STRIP = NO;
				DEBUG_INFORMATION_FORMAT = "dwarf-with-dsym";
				ENABLE_NS_ASSERTIONS = NO;
				ENABLE_STRICT_OBJC_MSGSEND = YES;
				GCC_C_LANGUAGE_STANDARD = gnu99;
				GCC_NO_COMMON_BLOCKS = YES;
				GCC_WARN_64_TO_32_BIT_CONVERSION = YES;
				GCC_WARN_ABOUT_RETURN_TYPE = YES_ERROR;
				GCC_WARN_UNDECLARED_SELECTOR = YES;
				GCC_WARN_UNINITIALIZED_AUTOS = YES_AGGRESSIVE;
				GCC_WARN_UNUSED_FUNCTION = YES;
				GCC_WARN_UNUSED_VARIABLE = YES;
				IPHONEOS_DEPLOYMENT_TARGET = 8.3;
				MTL_ENABLE_DEBUG_INFO = NO;
				SDKROOT = iphoneos;
				TARGETED_DEVICE_FAMILY = "1,2";
				VALIDATE_PRODUCT = YES;
			};
			name = Release;
		};
		B8E0EFE01AFCA69600272D7E /* Debug */ = {
			isa = XCBuildConfiguration;
			buildSettings = {
				ASSETCATALOG_COMPILER_APPICON_NAME = AppIcon;
				FRAMEWORK_SEARCH_PATHS = (
					"$(inherited)",
					"$(USER_LIBRARY_DIR)/Developer/Xcode/DerivedData/SwiftRecord-dlyvvkqhclcapdalesfzkgsawnpz/Build/Products/Debug-iphoneos",
					"$(PROJECT_DIR)/SwiftRecordExample",
					/Users/zaid/Documents/ark/SwiftRecord,
				);
				INFOPLIST_FILE = SwiftRecordExample/Info.plist;
				LD_RUNPATH_SEARCH_PATHS = "$(inherited) @executable_path/Frameworks";
				PRODUCT_NAME = "$(TARGET_NAME)";
			};
			name = Debug;
		};
		B8E0EFE11AFCA69600272D7E /* Release */ = {
			isa = XCBuildConfiguration;
			buildSettings = {
				ASSETCATALOG_COMPILER_APPICON_NAME = AppIcon;
				FRAMEWORK_SEARCH_PATHS = (
					"$(inherited)",
					"$(USER_LIBRARY_DIR)/Developer/Xcode/DerivedData/SwiftRecord-dlyvvkqhclcapdalesfzkgsawnpz/Build/Products/Debug-iphoneos",
					"$(PROJECT_DIR)/SwiftRecordExample",
					/Users/zaid/Documents/ark/SwiftRecord,
				);
				INFOPLIST_FILE = SwiftRecordExample/Info.plist;
				LD_RUNPATH_SEARCH_PATHS = "$(inherited) @executable_path/Frameworks";
				PRODUCT_NAME = "$(TARGET_NAME)";
			};
			name = Release;
		};
		B8E0EFE31AFCA69600272D7E /* Debug */ = {
			isa = XCBuildConfiguration;
			buildSettings = {
				BUNDLE_LOADER = "$(TEST_HOST)";
				FRAMEWORK_SEARCH_PATHS = (
					"$(SDKROOT)/Developer/Library/Frameworks",
					"$(inherited)",
					"$(PROJECT_DIR)/SwiftRecordExample",
					/Users/zaid/Documents/ark/SwiftRecord,
				);
				GCC_PREPROCESSOR_DEFINITIONS = (
					"DEBUG=1",
					"$(inherited)",
				);
				INFOPLIST_FILE = SwiftRecordExampleTests/Info.plist;
				LD_RUNPATH_SEARCH_PATHS = "$(inherited) @executable_path/Frameworks @loader_path/Frameworks";
				PRODUCT_NAME = "$(TARGET_NAME)";
				TEST_HOST = "$(BUILT_PRODUCTS_DIR)/SwiftRecordExample.app/SwiftRecordExample";
			};
			name = Debug;
		};
		B8E0EFE41AFCA69600272D7E /* Release */ = {
			isa = XCBuildConfiguration;
			buildSettings = {
				BUNDLE_LOADER = "$(TEST_HOST)";
				FRAMEWORK_SEARCH_PATHS = (
					"$(SDKROOT)/Developer/Library/Frameworks",
					"$(inherited)",
					"$(PROJECT_DIR)/SwiftRecordExample",
					/Users/zaid/Documents/ark/SwiftRecord,
				);
				INFOPLIST_FILE = SwiftRecordExampleTests/Info.plist;
				LD_RUNPATH_SEARCH_PATHS = "$(inherited) @executable_path/Frameworks @loader_path/Frameworks";
				PRODUCT_NAME = "$(TARGET_NAME)";
				TEST_HOST = "$(BUILT_PRODUCTS_DIR)/SwiftRecordExample.app/SwiftRecordExample";
			};
			name = Release;
		};
/* End XCBuildConfiguration section */

/* Begin XCConfigurationList section */
		B8E0EFB81AFCA69600272D7E /* Build configuration list for PBXProject "SwiftRecordExample" */ = {
			isa = XCConfigurationList;
			buildConfigurations = (
				B8E0EFDD1AFCA69600272D7E /* Debug */,
				B8E0EFDE1AFCA69600272D7E /* Release */,
			);
			defaultConfigurationIsVisible = 0;
			defaultConfigurationName = Release;
		};
		B8E0EFDF1AFCA69600272D7E /* Build configuration list for PBXNativeTarget "SwiftRecordExample" */ = {
			isa = XCConfigurationList;
			buildConfigurations = (
				B8E0EFE01AFCA69600272D7E /* Debug */,
				B8E0EFE11AFCA69600272D7E /* Release */,
			);
			defaultConfigurationIsVisible = 0;
			defaultConfigurationName = Release;
		};
		B8E0EFE21AFCA69600272D7E /* Build configuration list for PBXNativeTarget "SwiftRecordExampleTests" */ = {
			isa = XCConfigurationList;
			buildConfigurations = (
				B8E0EFE31AFCA69600272D7E /* Debug */,
				B8E0EFE41AFCA69600272D7E /* Release */,
			);
			defaultConfigurationIsVisible = 0;
			defaultConfigurationName = Release;
		};
/* End XCConfigurationList section */

/* Begin XCVersionGroup section */
		B8E0EFC41AFCA69600272D7E /* SwiftRecordExample.xcdatamodeld */ = {
			isa = XCVersionGroup;
			children = (
				B8E0EFC51AFCA69600272D7E /* SwiftRecordExample.xcdatamodel */,
			);
			currentVersion = B8E0EFC51AFCA69600272D7E /* SwiftRecordExample.xcdatamodel */;
			path = SwiftRecordExample.xcdatamodeld;
			sourceTree = "<group>";
			versionGroupType = wrapper.xcdatamodel;
		};
/* End XCVersionGroup section */
	};
	rootObject = B8E0EFB51AFCA69600272D7E /* Project object */;
}
