// !$*UTF8*$!
{
	archiveVersion = 1;
	classes = {
	};
	objectVersion = 46;
	objects = {

/* Begin PBXBuildFile section */
		B87AF98B1AFC2CF3004B1859 /* SwiftRecord.h in CopyFiles */ = {isa = PBXBuildFile; fileRef = B87AF98A1AFC2CF3004B1859 /* SwiftRecord.h */; };
		B87AF98D1AFC2CF3004B1859 /* SwiftRecord.m in Sources */ = {isa = PBXBuildFile; fileRef = B87AF98C1AFC2CF3004B1859 /* SwiftRecord.m */; };
		B87AF9931AFC2CF3004B1859 /* libSwiftRecord.a in Frameworks */ = {isa = PBXBuildFile; fileRef = B87AF9871AFC2CF3004B1859 /* libSwiftRecord.a */; };
/* End PBXBuildFile section */

/* Begin PBXContainerItemProxy section */
		B87AF9941AFC2CF3004B1859 /* PBXContainerItemProxy */ = {
			isa = PBXContainerItemProxy;
			containerPortal = B87AF97F1AFC2CF3004B1859 /* Project object */;
			proxyType = 1;
			remoteGlobalIDString = B87AF9861AFC2CF3004B1859;
			remoteInfo = SwiftRecord;
		};
/* End PBXContainerItemProxy section */

/* Begin PBXCopyFilesBuildPhase section */
		B87AF9851AFC2CF3004B1859 /* CopyFiles */ = {
			isa = PBXCopyFilesBuildPhase;
			buildActionMask = 2147483647;
			dstPath = "include/$(PRODUCT_NAME)";
			dstSubfolderSpec = 16;
			files = (
				B87AF98B1AFC2CF3004B1859 /* SwiftRecord.h in CopyFiles */,
			);
			runOnlyForDeploymentPostprocessing = 0;
		};
/* End PBXCopyFilesBuildPhase section */

/* Begin PBXFileReference section */
		B87AF9871AFC2CF3004B1859 /* libSwiftRecord.a */ = {isa = PBXFileReference; explicitFileType = archive.ar; includeInIndex = 0; path = libSwiftRecord.a; sourceTree = BUILT_PRODUCTS_DIR; };
		B87AF98A1AFC2CF3004B1859 /* SwiftRecord.h */ = {isa = PBXFileReference; lastKnownFileType = sourcecode.c.h; path = SwiftRecord.h; sourceTree = "<group>"; };
		B87AF98C1AFC2CF3004B1859 /* SwiftRecord.m */ = {isa = PBXFileReference; lastKnownFileType = sourcecode.c.objc; path = SwiftRecord.m; sourceTree = "<group>"; };
		B87AF9921AFC2CF3004B1859 /* SwiftRecordTests.xctest */ = {isa = PBXFileReference; explicitFileType = wrapper.cfbundle; includeInIndex = 0; path = SwiftRecordTests.xctest; sourceTree = BUILT_PRODUCTS_DIR; };
		B87AF9981AFC2CF3004B1859 /* Info.plist */ = {isa = PBXFileReference; lastKnownFileType = text.plist.xml; path = Info.plist; sourceTree = "<group>"; };
/* End PBXFileReference section */

/* Begin PBXFrameworksBuildPhase section */
		B87AF9841AFC2CF3004B1859 /* Frameworks */ = {
			isa = PBXFrameworksBuildPhase;
			buildActionMask = 2147483647;
			files = (
			);
			runOnlyForDeploymentPostprocessing = 0;
		};
		B87AF98F1AFC2CF3004B1859 /* Frameworks */ = {
			isa = PBXFrameworksBuildPhase;
			buildActionMask = 2147483647;
			files = (
				B87AF9931AFC2CF3004B1859 /* libSwiftRecord.a in Frameworks */,
			);
			runOnlyForDeploymentPostprocessing = 0;
		};
/* End PBXFrameworksBuildPhase section */

/* Begin PBXGroup section */
		B87AF97E1AFC2CF3004B1859 = {
			isa = PBXGroup;
			children = (
				B87AF9891AFC2CF3004B1859 /* SwiftRecord */,
				B87AF9961AFC2CF3004B1859 /* SwiftRecordTests */,
				B87AF9881AFC2CF3004B1859 /* Products */,
			);
			sourceTree = "<group>";
		};
		B87AF9881AFC2CF3004B1859 /* Products */ = {
			isa = PBXGroup;
			children = (
				B87AF9871AFC2CF3004B1859 /* libSwiftRecord.a */,
				B87AF9921AFC2CF3004B1859 /* SwiftRecordTests.xctest */,
			);
			name = Products;
			sourceTree = "<group>";
		};
		B87AF9891AFC2CF3004B1859 /* SwiftRecord */ = {
			isa = PBXGroup;
			children = (
				B87AF98A1AFC2CF3004B1859 /* SwiftRecord.h */,
				B87AF98C1AFC2CF3004B1859 /* SwiftRecord.m */,
			);
			path = SwiftRecord;
			sourceTree = "<group>";
		};
		B87AF9961AFC2CF3004B1859 /* SwiftRecordTests */ = {
			isa = PBXGroup;
			children = (
				B87AF9971AFC2CF3004B1859 /* Supporting Files */,
			);
			path = SwiftRecordTests;
			sourceTree = "<group>";
		};
		B87AF9971AFC2CF3004B1859 /* Supporting Files */ = {
			isa = PBXGroup;
			children = (
				B87AF9981AFC2CF3004B1859 /* Info.plist */,
			);
			name = "Supporting Files";
			sourceTree = "<group>";
		};
/* End PBXGroup section */

/* Begin PBXNativeTarget section */
		B87AF9861AFC2CF3004B1859 /* SwiftRecord */ = {
			isa = PBXNativeTarget;
			buildConfigurationList = B87AF99B1AFC2CF3004B1859 /* Build configuration list for PBXNativeTarget "SwiftRecord" */;
			buildPhases = (
				B87AF9831AFC2CF3004B1859 /* Sources */,
				B87AF9841AFC2CF3004B1859 /* Frameworks */,
				B87AF9851AFC2CF3004B1859 /* CopyFiles */,
			);
			buildRules = (
			);
			dependencies = (
			);
			name = SwiftRecord;
			productName = SwiftRecord;
			productReference = B87AF9871AFC2CF3004B1859 /* libSwiftRecord.a */;
			productType = "com.apple.product-type.library.static";
		};
		B87AF9911AFC2CF3004B1859 /* SwiftRecordTests */ = {
			isa = PBXNativeTarget;
			buildConfigurationList = B87AF99E1AFC2CF3004B1859 /* Build configuration list for PBXNativeTarget "SwiftRecordTests" */;
			buildPhases = (
				B87AF98E1AFC2CF3004B1859 /* Sources */,
				B87AF98F1AFC2CF3004B1859 /* Frameworks */,
				B87AF9901AFC2CF3004B1859 /* Resources */,
			);
			buildRules = (
			);
			dependencies = (
				B87AF9951AFC2CF3004B1859 /* PBXTargetDependency */,
			);
			name = SwiftRecordTests;
			productName = SwiftRecordTests;
			productReference = B87AF9921AFC2CF3004B1859 /* SwiftRecordTests.xctest */;
			productType = "com.apple.product-type.bundle.unit-test";
		};
/* End PBXNativeTarget section */

/* Begin PBXProject section */
		B87AF97F1AFC2CF3004B1859 /* Project object */ = {
			isa = PBXProject;
			attributes = {
				LastUpgradeCheck = 0630;
				ORGANIZATIONNAME = ark;
				TargetAttributes = {
					B87AF9861AFC2CF3004B1859 = {
						CreatedOnToolsVersion = 6.3.1;
					};
					B87AF9911AFC2CF3004B1859 = {
						CreatedOnToolsVersion = 6.3.1;
					};
				};
			};
			buildConfigurationList = B87AF9821AFC2CF3004B1859 /* Build configuration list for PBXProject "SwiftRecord" */;
			compatibilityVersion = "Xcode 3.2";
			developmentRegion = English;
			hasScannedForEncodings = 0;
			knownRegions = (
				en,
			);
			mainGroup = B87AF97E1AFC2CF3004B1859;
			productRefGroup = B87AF9881AFC2CF3004B1859 /* Products */;
			projectDirPath = "";
			projectRoot = "";
			targets = (
				B87AF9861AFC2CF3004B1859 /* SwiftRecord */,
				B87AF9911AFC2CF3004B1859 /* SwiftRecordTests */,
			);
		};
/* End PBXProject section */

/* Begin PBXResourcesBuildPhase section */
		B87AF9901AFC2CF3004B1859 /* Resources */ = {
			isa = PBXResourcesBuildPhase;
			buildActionMask = 2147483647;
			files = (
			);
			runOnlyForDeploymentPostprocessing = 0;
		};
/* End PBXResourcesBuildPhase section */

/* Begin PBXSourcesBuildPhase section */
		B87AF9831AFC2CF3004B1859 /* Sources */ = {
			isa = PBXSourcesBuildPhase;
			buildActionMask = 2147483647;
			files = (
				B87AF98D1AFC2CF3004B1859 /* SwiftRecord.m in Sources */,
			);
			runOnlyForDeploymentPostprocessing = 0;
		};
		B87AF98E1AFC2CF3004B1859 /* Sources */ = {
			isa = PBXSourcesBuildPhase;
			buildActionMask = 2147483647;
			files = (
			);
			runOnlyForDeploymentPostprocessing = 0;
		};
/* End PBXSourcesBuildPhase section */

/* Begin PBXTargetDependency section */
		B87AF9951AFC2CF3004B1859 /* PBXTargetDependency */ = {
			isa = PBXTargetDependency;
			target = B87AF9861AFC2CF3004B1859 /* SwiftRecord */;
			targetProxy = B87AF9941AFC2CF3004B1859 /* PBXContainerItemProxy */;
		};
/* End PBXTargetDependency section */

/* Begin XCBuildConfiguration section */
		B87AF9991AFC2CF3004B1859 /* Debug */ = {
			isa = XCBuildConfiguration;
			buildSettings = {
				ALWAYS_SEARCH_USER_PATHS = NO;
				CLANG_CXX_LANGUAGE_STANDARD = "gnu++0x";
				CLANG_CXX_LIBRARY = "libc++";
				CLANG_ENABLE_MODULES = YES;
				CLANG_ENABLE_OBJC_ARC = YES;
				CLANG_WARN_BOOL_CONVERSION = YES;
				CLANG_WARN_CONSTANT_CONVERSION = YES;
				CLANG_WARN_DIRECT_OBJC_ISA_USAGE = YES_ERROR;
				CLANG_WARN_EMPTY_BODY = YES;
				CLANG_WARN_ENUM_CONVERSION = YES;
				CLANG_WARN_INT_CONVERSION = YES;
				CLANG_WARN_OBJC_ROOT_CLASS = YES_ERROR;
				CLANG_WARN_UNREACHABLE_CODE = YES;
				CLANG_WARN__DUPLICATE_METHOD_MATCH = YES;
				COPY_PHASE_STRIP = NO;
				DEBUG_INFORMATION_FORMAT = "dwarf-with-dsym";
				ENABLE_STRICT_OBJC_MSGSEND = YES;
				GCC_C_LANGUAGE_STANDARD = gnu99;
				GCC_DYNAMIC_NO_PIC = NO;
				GCC_NO_COMMON_BLOCKS = YES;
				GCC_OPTIMIZATION_LEVEL = 0;
				GCC_PREPROCESSOR_DEFINITIONS = (
					"DEBUG=1",
					"$(inherited)",
				);
				GCC_SYMBOLS_PRIVATE_EXTERN = NO;
				GCC_WARN_64_TO_32_BIT_CONVERSION = YES;
				GCC_WARN_ABOUT_RETURN_TYPE = YES_ERROR;
				GCC_WARN_UNDECLARED_SELECTOR = YES;
				GCC_WARN_UNINITIALIZED_AUTOS = YES_AGGRESSIVE;
				GCC_WARN_UNUSED_FUNCTION = YES;
				GCC_WARN_UNUSED_VARIABLE = YES;
				IPHONEOS_DEPLOYMENT_TARGET = 8.3;
				MTL_ENABLE_DEBUG_INFO = YES;
				ONLY_ACTIVE_ARCH = YES;
				SDKROOT = iphoneos;
			};
			name = Debug;
		};
		B87AF99A1AFC2CF3004B1859 /* Release */ = {
			isa = XCBuildConfiguration;
			buildSettings = {
				ALWAYS_SEARCH_USER_PATHS = NO;
				CLANG_CXX_LANGUAGE_STANDARD = "gnu++0x";
				CLANG_CXX_LIBRARY = "libc++";
				CLANG_ENABLE_MODULES = YES;
				CLANG_ENABLE_OBJC_ARC = YES;
				CLANG_WARN_BOOL_CONVERSION = YES;
				CLANG_WARN_CONSTANT_CONVERSION = YES;
				CLANG_WARN_DIRECT_OBJC_ISA_USAGE = YES_ERROR;
				CLANG_WARN_EMPTY_BODY = YES;
				CLANG_WARN_ENUM_CONVERSION = YES;
				CLANG_WARN_INT_CONVERSION = YES;
				CLANG_WARN_OBJC_ROOT_CLASS = YES_ERROR;
				CLANG_WARN_UNREACHABLE_CODE = YES;
				CLANG_WARN__DUPLICATE_METHOD_MATCH = YES;
				COPY_PHASE_STRIP = NO;
				DEBUG_INFORMATION_FORMAT = "dwarf-with-dsym";
				ENABLE_NS_ASSERTIONS = NO;
				ENABLE_STRICT_OBJC_MSGSEND = YES;
				GCC_C_LANGUAGE_STANDARD = gnu99;
				GCC_NO_COMMON_BLOCKS = YES;
				GCC_WARN_64_TO_32_BIT_CONVERSION = YES;
				GCC_WARN_ABOUT_RETURN_TYPE = YES_ERROR;
				GCC_WARN_UNDECLARED_SELECTOR = YES;
				GCC_WARN_UNINITIALIZED_AUTOS = YES_AGGRESSIVE;
				GCC_WARN_UNUSED_FUNCTION = YES;
				GCC_WARN_UNUSED_VARIABLE = YES;
				IPHONEOS_DEPLOYMENT_TARGET = 8.3;
				MTL_ENABLE_DEBUG_INFO = NO;
				SDKROOT = iphoneos;
				VALIDATE_PRODUCT = YES;
			};
			name = Release;
		};
		B87AF99C1AFC2CF3004B1859 /* Debug */ = {
			isa = XCBuildConfiguration;
			buildSettings = {
				OTHER_LDFLAGS = "-ObjC";
				PRODUCT_NAME = "$(TARGET_NAME)";
				SKIP_INSTALL = YES;
			};
			name = Debug;
		};
		B87AF99D1AFC2CF3004B1859 /* Release */ = {
			isa = XCBuildConfiguration;
			buildSettings = {
				OTHER_LDFLAGS = "-ObjC";
				PRODUCT_NAME = "$(TARGET_NAME)";
				SKIP_INSTALL = YES;
			};
			name = Release;
		};
		B87AF99F1AFC2CF3004B1859 /* Debug */ = {
			isa = XCBuildConfiguration;
			buildSettings = {
				"CODE_SIGN_IDENTITY[sdk=iphoneos*]" = "iPhone Developer";
				FRAMEWORK_SEARCH_PATHS = (
					"$(SDKROOT)/Developer/Library/Frameworks",
					"$(inherited)",
				);
				GCC_PREPROCESSOR_DEFINITIONS = (
					"DEBUG=1",
					"$(inherited)",
				);
				INFOPLIST_FILE = SwiftRecordTests/Info.plist;
				LD_RUNPATH_SEARCH_PATHS = "$(inherited) @executable_path/Frameworks @loader_path/Frameworks";
				PRODUCT_NAME = "$(TARGET_NAME)";
			};
			name = Debug;
		};
		B87AF9A01AFC2CF3004B1859 /* Release */ = {
			isa = XCBuildConfiguration;
			buildSettings = {
				"CODE_SIGN_IDENTITY[sdk=iphoneos*]" = "iPhone Developer";
				FRAMEWORK_SEARCH_PATHS = (
					"$(SDKROOT)/Developer/Library/Frameworks",
					"$(inherited)",
				);
				INFOPLIST_FILE = SwiftRecordTests/Info.plist;
				LD_RUNPATH_SEARCH_PATHS = "$(inherited) @executable_path/Frameworks @loader_path/Frameworks";
				PRODUCT_NAME = "$(TARGET_NAME)";
			};
			name = Release;
		};
/* End XCBuildConfiguration section */

/* Begin XCConfigurationList section */
		B87AF9821AFC2CF3004B1859 /* Build configuration list for PBXProject "SwiftRecord" */ = {
			isa = XCConfigurationList;
			buildConfigurations = (
				B87AF9991AFC2CF3004B1859 /* Debug */,
				B87AF99A1AFC2CF3004B1859 /* Release */,
			);
			defaultConfigurationIsVisible = 0;
			defaultConfigurationName = Release;
		};
		B87AF99B1AFC2CF3004B1859 /* Build configuration list for PBXNativeTarget "SwiftRecord" */ = {
			isa = XCConfigurationList;
			buildConfigurations = (
				B87AF99C1AFC2CF3004B1859 /* Debug */,
				B87AF99D1AFC2CF3004B1859 /* Release */,
			);
			defaultConfigurationIsVisible = 0;
		};
		B87AF99E1AFC2CF3004B1859 /* Build configuration list for PBXNativeTarget "SwiftRecordTests" */ = {
			isa = XCConfigurationList;
			buildConfigurations = (
				B87AF99F1AFC2CF3004B1859 /* Debug */,
				B87AF9A01AFC2CF3004B1859 /* Release */,
			);
			defaultConfigurationIsVisible = 0;
		};
/* End XCConfigurationList section */
	};
	rootObject = B87AF97F1AFC2CF3004B1859 /* Project object */;
}
